
Microsoft Visual Studio Solution File, Format Version 12.00
# Visual Studio Version 17
VisualStudioVersion = 17.11.35312.102
MinimumVisualStudioVersion = 10.0.40219.1
Project("{FAE04EC0-301F-11D3-BF4B-00C04F79EFBC}") = "lab1", "lab1\lab1.csproj", "{4D18119F-D726-4521-8965-2E87FD11248B}"
EndProject
Global
	GlobalSection(SolutionConfigurationPlatforms) = preSolution
		Debug|Any CPU = Debug|Any CPU
		Release|Any CPU = Release|Any CPU
	EndGlobalSection
	GlobalSection(ProjectConfigurationPlatforms) = postSolution
		{4D18119F-D726-4521-8965-2E87FD11248B}.Debug|Any CPU.ActiveCfg = Debug|Any CPU
		{4D18119F-D726-4521-8965-2E87FD11248B}.Debug|Any CPU.Build.0 = Debug|Any CPU
		{4D18119F-D726-4521-8965-2E87FD11248B}.Release|Any CPU.ActiveCfg = Release|Any CPU
		{4D18119F-D726-4521-8965-2E87FD11248B}.Release|Any CPU.Build.0 = Release|Any CPU
	EndGlobalSection
	GlobalSection(SolutionProperties) = preSolution
		HideSolutionNode = FALSE
	EndGlobalSection
	GlobalSection(ExtensibilityGlobals) = postSolution
		SolutionGuid = {B260DB65-6D88-41DE-AE57-53A14F940601}
	EndGlobalSection
EndGlobal
